
Microsoft Visual Studio Solution File, Format Version 12.00
# Visual Studio Version 17
VisualStudioVersion = 17.10.35122.118
MinimumVisualStudioVersion = 10.0.40219.1
Project("{FAE04EC0-301F-11D3-BF4B-00C04F79EFBC}") = "ExampleExpansion", "ExampleExpansion\ExampleExpansion.csproj", "{44015CAC-056E-4CE9-B432-4E9ABB363D28}"
EndProject
Global
	GlobalSection(SolutionConfigurationPlatforms) = preSolution
		Debug|Any CPU = Debug|Any CPU
		Release|Any CPU = Release|Any CPU
	EndGlobalSection
	GlobalSection(ProjectConfigurationPlatforms) = postSolution
		{44015CAC-056E-4CE9-B432-4E9ABB363D28}.Debug|Any CPU.ActiveCfg = Debug|Any CPU
		{44015CAC-056E-4CE9-B432-4E9ABB363D28}.Debug|Any CPU.Build.0 = Debug|Any CPU
		{44015CAC-056E-4CE9-B432-4E9ABB363D28}.Release|Any CPU.ActiveCfg = Release|Any CPU
		{44015CAC-056E-4CE9-B432-4E9ABB363D28}.Release|Any CPU.Build.0 = Release|Any CPU
	EndGlobalSection
	GlobalSection(SolutionProperties) = preSolution
		HideSolutionNode = FALSE
	EndGlobalSection
	GlobalSection(ExtensibilityGlobals) = postSolution
		SolutionGuid = {49462CAB-10CD-4F1A-9BAE-1ECC43EFA7A0}
	EndGlobalSection
EndGlobal
